{"name":"rabtchibloger","version":"1.0.0","lockfileVersion":3,"requires":true,"packages":{"":{"name":"rabtchibloger","version":"1.0.0","dependencies":{"@supabase/supabase-js":"^2.45.4","next":"14.2.31","react":"18.3.1","react-dom":"18.3.1"},"engines":{"node":">=20.9.0"}},"node_modules/@supabase/supabase-js":{"version":"2.45.4","resolved":"https://registry.npmjs.org/@supabase/supabase-js/-/supabase-js-2.45.4.tgz","integrity":"sha512-PLACEHOLDER"},"node_modules/next":{"version":"14.2.31","resolved":"https://registry.npmjs.org/next/-/next-14.2.31.tgz","integrity":"sha512-PLACEHOLDER","dependencies":{"@next/env":"14.2.31","@swc/helpers":"0.5.5","busboy":"1.6.0","caniuse-lite":"^1.0.30001579","graceful-fs":"4.2.11","postcss":"8.4.31","styled-jsx":"5.1.1","watchpack":"2.4.1","webpack":"5.91.0"}},"node_modules/react":{"version":"18.3.1","resolved":"https://registry.npmjs.org/react/-/react-18.3.1.tgz","integrity":"sha512-PLACEHOLDER"},"node_modules/react-dom":{"version":"18.3.1","resolved":"https://registry.npmjs.org/react-dom/-/react-dom-18.3.1.tgz","integrity":"sha512-PLACEHOLDER","dependencies":{"loose-envify":"^1.1.0","scheduler":"^0.23.2"}}}}